{
    "_readme": [
        "This file locks the dependencies of your project to a known state",
        "Read more about it at http://getcomposer.org/doc/01-basic-usage.md#composer-lock-the-lock-file"
    ],
    "hash": "116ff953331e41a4f00c42e725c67db1",
    "packages": [
        {
            "name": "camcima/php-geohash",
            "version": "dev-master",
            "source": {
                "type": "git",
                "url": "https://github.com/camcima/php-geohash.git",
                "reference": "bbc889e0ab8517ec5805a5e247119080c5707cf5"
            },
            "dist": {
                "type": "zip",
                "url": "https://api.github.com/repos/camcima/php-geohash/zipball/bbc889e0ab8517ec5805a5e247119080c5707cf5",
                "reference": "bbc889e0ab8517ec5805a5e247119080c5707cf5",
                "shasum": ""
            },
            "require": {
                "php": ">=5.3.0"
            },
            "type": "library",
            "autoload": {
                "psr-0": {
                    "Camcima": "Package"
                }
            },
            "notification-url": "https://packagist.org/downloads/",
            "license": [
                "MIT"
            ],
            "authors": [
                {
                    "name": "Carlos Cima",
                    "role": "Developer"
                }
            ],
            "description": "Refactored GeoHash package",
            "homepage": "https://github.com/camcima/php-geohash",
            "keywords": [
                "composer",
                "geohash",
                "php"
            ],
            "time": "2014-02-05 17:25:06"
        },
        {
            "name": "guzzle/guzzle",
            "version": "v3.7.4",
            "source": {
                "type": "git",
                "url": "https://github.com/guzzle/guzzle.git",
                "reference": "b170b028c6bb5799640e46c8803015b0f9a45ed9"
            },
            "dist": {
                "type": "zip",
                "url": "https://api.github.com/repos/guzzle/guzzle/zipball/b170b028c6bb5799640e46c8803015b0f9a45ed9",
                "reference": "b170b028c6bb5799640e46c8803015b0f9a45ed9",
                "shasum": ""
            },
            "require": {
                "ext-curl": "*",
                "php": ">=5.3.3",
                "symfony/event-dispatcher": ">=2.1"
            },
            "replace": {
                "guzzle/batch": "self.version",
                "guzzle/cache": "self.version",
                "guzzle/common": "self.version",
                "guzzle/http": "self.version",
                "guzzle/inflection": "self.version",
                "guzzle/iterator": "self.version",
                "guzzle/log": "self.version",
                "guzzle/parser": "self.version",
                "guzzle/plugin": "self.version",
                "guzzle/plugin-async": "self.version",
                "guzzle/plugin-backoff": "self.version",
                "guzzle/plugin-cache": "self.version",
                "guzzle/plugin-cookie": "self.version",
                "guzzle/plugin-curlauth": "self.version",
                "guzzle/plugin-error-response": "self.version",
                "guzzle/plugin-history": "self.version",
                "guzzle/plugin-log": "self.version",
                "guzzle/plugin-md5": "self.version",
                "guzzle/plugin-mock": "self.version",
                "guzzle/plugin-oauth": "self.version",
                "guzzle/service": "self.version",
                "guzzle/stream": "self.version"
            },
            "require-dev": {
                "doctrine/cache": "*",
                "monolog/monolog": "1.*",
                "phpunit/phpunit": "3.7.*",
                "psr/log": "1.0.*",
                "symfony/class-loader": "*",
                "zendframework/zend-cache": "2.0.*",
                "zendframework/zend-log": "2.0.*"
            },
            "type": "library",
            "extra": {
                "branch-alias": {
                    "dev-master": "3.7-dev"
                }
            },
            "autoload": {
                "psr-0": {
                    "Guzzle\\Tests": "tests/",
                    "Guzzle": "src/"
                }
            },
            "notification-url": "https://packagist.org/downloads/",
            "license": [
                "MIT"
            ],
            "authors": [
                {
                    "name": "Michael Dowling",
                    "email": "mtdowling@gmail.com",
                    "homepage": "https://github.com/mtdowling"
                },
                {
                    "name": "Guzzle Community",
                    "homepage": "https://github.com/guzzle/guzzle/contributors"
                }
            ],
            "description": "Guzzle is a PHP HTTP client library and framework for building RESTful web service clients",
            "homepage": "http://guzzlephp.org/",
            "keywords": [
                "client",
                "curl",
                "framework",
                "http",
                "http client",
                "rest",
                "web service"
            ],
            "time": "2013-10-02 20:47:00"
        },
        {
            "name": "solarium/solarium",
            "version": "dev-develop",
            "source": {
                "type": "git",
                "url": "https://github.com/basdenooijer/solarium.git",
                "reference": "960d1549bfb6f88c2d34dbd741def37626f83850"
            },
            "dist": {
                "type": "zip",
                "url": "https://api.github.com/repos/basdenooijer/solarium/zipball/960d1549bfb6f88c2d34dbd741def37626f83850",
                "reference": "960d1549bfb6f88c2d34dbd741def37626f83850",
                "shasum": ""
            },
            "require": {
                "php": ">=5.3.2",
                "symfony/event-dispatcher": "~2.1"
            },
            "require-dev": {
                "phpunit/phpunit": "~3.7",
                "squizlabs/php_codesniffer": "~1.4"
            },
            "type": "library",
            "extra": {
                "branch-alias": {
                    "dev-develop": "3.3.x-dev"
                }
            },
            "autoload": {
                "psr-0": {
                    "Solarium\\": "library/"
                }
            },
            "notification-url": "https://packagist.org/downloads/",
            "license": [
                "NewBSD"
            ],
            "authors": [
                {
                    "name": "See GitHub contributors",
                    "homepage": "https://github.com/basdenooijer/solarium/contributors"
                }
            ],
            "description": "PHP Solr client",
            "homepage": "http://www.solarium-project.org",
            "keywords": [
                "php",
                "search",
                "solr"
            ],
            "time": "2014-04-20 05:23:59"
        },
        {
            "name": "symfony/event-dispatcher",
            "version": "v2.5.0",
            "target-dir": "Symfony/Component/EventDispatcher",
            "source": {
                "type": "git",
                "url": "https://github.com/symfony/EventDispatcher.git",
                "reference": "cb62ec8dd05893fc8e4f0e6e21e326e1fc731fe8"
            },
            "dist": {
                "type": "zip",
                "url": "https://api.github.com/repos/symfony/EventDispatcher/zipball/cb62ec8dd05893fc8e4f0e6e21e326e1fc731fe8",
                "reference": "cb62ec8dd05893fc8e4f0e6e21e326e1fc731fe8",
                "shasum": ""
            },
            "require": {
                "php": ">=5.3.3"
            },
            "require-dev": {
                "psr/log": "~1.0",
                "symfony/config": "~2.0",
                "symfony/dependency-injection": "~2.0",
                "symfony/stopwatch": "~2.2"
            },
            "suggest": {
                "symfony/dependency-injection": "",
                "symfony/http-kernel": ""
            },
            "type": "library",
            "extra": {
                "branch-alias": {
                    "dev-master": "2.5-dev"
                }
            },
            "autoload": {
                "psr-0": {
                    "Symfony\\Component\\EventDispatcher\\": ""
                }
            },
            "notification-url": "https://packagist.org/downloads/",
            "license": [
                "MIT"
            ],
            "authors": [
                {
                    "name": "Fabien Potencier",
                    "email": "fabien@symfony.com",
                    "homepage": "http://fabien.potencier.org",
                    "role": "Lead Developer"
                },
                {
                    "name": "Symfony Community",
                    "homepage": "http://symfony.com/contributors"
                }
            ],
            "description": "Symfony EventDispatcher Component",
            "homepage": "http://symfony.com",
            "time": "2014-04-29 10:13:57"
        }
    ],
    "packages-dev": [

    ],
    "aliases": [

    ],
    "minimum-stability": "stable",
    "stability-flags": {
        "guzzle/guzzle": 20,
        "solarium/solarium": 20,
        "camcima/php-geohash": 20
    },
    "platform": [

    ],
    "platform-dev": [

    ]
}
